Microsoft Visual Studio Solution File, Format Version 12.00
# Visual Studio 15
Project("{8BC9CEB8-8B4A-11D0-8D11-00A0C91BC942}") = "ALL_BUILD", "ALL_BUILD.vcxproj", "{765FA11F-09C6-38E0-9E50-75297FBCEAAC}"
	ProjectSection(ProjectDependencies) = postProject
		{B490E777-38FE-3DB7-9442-CE428599E14C} = {B490E777-38FE-3DB7-9442-CE428599E14C}
		{B5D014B1-4CFD-30E5-BF0F-6B895C57D909} = {B5D014B1-4CFD-30E5-BF0F-6B895C57D909}
	EndProjectSection
EndProject
Project("{8BC9CEB8-8B4A-11D0-8D11-00A0C91BC942}") = "INSTALL", "INSTALL.vcxproj", "{76ECC415-5553-35E9-B9F9-867E77E22F3D}"
	ProjectSection(ProjectDependencies) = postProject
		{765FA11F-09C6-38E0-9E50-75297FBCEAAC} = {765FA11F-09C6-38E0-9E50-75297FBCEAAC}
		{B490E777-38FE-3DB7-9442-CE428599E14C} = {B490E777-38FE-3DB7-9442-CE428599E14C}
	EndProjectSection
EndProject
Project("{8BC9CEB8-8B4A-11D0-8D11-00A0C91BC942}") = "ZERO_CHECK", "..\\ZERO_CHECK.vcxproj", "{B490E777-38FE-3DB7-9442-CE428599E14C}"
	ProjectSection(ProjectDependencies) = postProject
	EndProjectSection
EndProject
Project("{8BC9CEB8-8B4A-11D0-8D11-00A0C91BC942}") = "example_opencl_opencl-opencv-interop", "example_opencl_opencl-opencv-interop.vcxproj", "{B5D014B1-4CFD-30E5-BF0F-6B895C57D909}"
	ProjectSection(ProjectDependencies) = postProject
		{B490E777-38FE-3DB7-9442-CE428599E14C} = {B490E777-38FE-3DB7-9442-CE428599E14C}
	EndProjectSection
EndProject
Global
	GlobalSection(SolutionConfigurationPlatforms) = preSolution
		Debug|x64 = Debug|x64
		Release|x64 = Release|x64
		MinSizeRel|x64 = MinSizeRel|x64
		RelWithDebInfo|x64 = RelWithDebInfo|x64
	EndGlobalSection
	GlobalSection(ProjectConfigurationPlatforms) = postSolution
		{765FA11F-09C6-38E0-9E50-75297FBCEAAC}.Debug|x64.ActiveCfg = Debug|x64
		{765FA11F-09C6-38E0-9E50-75297FBCEAAC}.Debug|x64.Build.0 = Debug|x64
		{765FA11F-09C6-38E0-9E50-75297FBCEAAC}.Release|x64.ActiveCfg = Release|x64
		{765FA11F-09C6-38E0-9E50-75297FBCEAAC}.Release|x64.Build.0 = Release|x64
		{765FA11F-09C6-38E0-9E50-75297FBCEAAC}.MinSizeRel|x64.ActiveCfg = MinSizeRel|x64
		{765FA11F-09C6-38E0-9E50-75297FBCEAAC}.MinSizeRel|x64.Build.0 = MinSizeRel|x64
		{765FA11F-09C6-38E0-9E50-75297FBCEAAC}.RelWithDebInfo|x64.ActiveCfg = RelWithDebInfo|x64
		{765FA11F-09C6-38E0-9E50-75297FBCEAAC}.RelWithDebInfo|x64.Build.0 = RelWithDebInfo|x64
		{76ECC415-5553-35E9-B9F9-867E77E22F3D}.Debug|x64.ActiveCfg = Debug|x64
		{76ECC415-5553-35E9-B9F9-867E77E22F3D}.Release|x64.ActiveCfg = Release|x64
		{76ECC415-5553-35E9-B9F9-867E77E22F3D}.MinSizeRel|x64.ActiveCfg = MinSizeRel|x64
		{76ECC415-5553-35E9-B9F9-867E77E22F3D}.RelWithDebInfo|x64.ActiveCfg = RelWithDebInfo|x64
		{B490E777-38FE-3DB7-9442-CE428599E14C}.Debug|x64.ActiveCfg = Debug|x64
		{B490E777-38FE-3DB7-9442-CE428599E14C}.Debug|x64.Build.0 = Debug|x64
		{B490E777-38FE-3DB7-9442-CE428599E14C}.Release|x64.ActiveCfg = Release|x64
		{B490E777-38FE-3DB7-9442-CE428599E14C}.Release|x64.Build.0 = Release|x64
		{B490E777-38FE-3DB7-9442-CE428599E14C}.MinSizeRel|x64.ActiveCfg = MinSizeRel|x64
		{B490E777-38FE-3DB7-9442-CE428599E14C}.MinSizeRel|x64.Build.0 = MinSizeRel|x64
		{B490E777-38FE-3DB7-9442-CE428599E14C}.RelWithDebInfo|x64.ActiveCfg = RelWithDebInfo|x64
		{B490E777-38FE-3DB7-9442-CE428599E14C}.RelWithDebInfo|x64.Build.0 = RelWithDebInfo|x64
		{B5D014B1-4CFD-30E5-BF0F-6B895C57D909}.Debug|x64.ActiveCfg = Debug|x64
		{B5D014B1-4CFD-30E5-BF0F-6B895C57D909}.Debug|x64.Build.0 = Debug|x64
		{B5D014B1-4CFD-30E5-BF0F-6B895C57D909}.Release|x64.ActiveCfg = Release|x64
		{B5D014B1-4CFD-30E5-BF0F-6B895C57D909}.Release|x64.Build.0 = Release|x64
		{B5D014B1-4CFD-30E5-BF0F-6B895C57D909}.MinSizeRel|x64.ActiveCfg = MinSizeRel|x64
		{B5D014B1-4CFD-30E5-BF0F-6B895C57D909}.MinSizeRel|x64.Build.0 = MinSizeRel|x64
		{B5D014B1-4CFD-30E5-BF0F-6B895C57D909}.RelWithDebInfo|x64.ActiveCfg = RelWithDebInfo|x64
		{B5D014B1-4CFD-30E5-BF0F-6B895C57D909}.RelWithDebInfo|x64.Build.0 = RelWithDebInfo|x64
	EndGlobalSection
	GlobalSection(ExtensibilityGlobals) = postSolution
		SolutionGuid = {36511518-3DE7-37E1-B645-346EDCDF7314}
	EndGlobalSection
	GlobalSection(ExtensibilityAddIns) = postSolution
	EndGlobalSection
EndGlobal
